
Microsoft Visual Studio Solution File, Format Version 12.00
# Visual Studio Version 17
VisualStudioVersion = 17.0.31919.166
MinimumVisualStudioVersion = 10.0.40219.1
Project("{FAE04EC0-301F-11D3-BF4B-00C04F79EFBC}") = "KomodoBadges", "KomodoBadges\KomodoBadges.csproj", "{CD38A91C-783A-4073-AD8A-D2CB678EFFB6}"
EndProject
Project("{FAE04EC0-301F-11D3-BF4B-00C04F79EFBC}") = "BadgesRepository", "BadgesRepository\BadgesRepository.csproj", "{524FFE3A-7A4B-470F-AC87-AFBCF5674F34}"
EndProject
Project("{FAE04EC0-301F-11D3-BF4B-00C04F79EFBC}") = "UnitTestProject1", "UnitTestProject1\UnitTestProject1.csproj", "{F92494CE-D6C3-4DDD-A410-88CC7ED80EA4}"
EndProject
Global
	GlobalSection(SolutionConfigurationPlatforms) = preSolution
		Debug|Any CPU = Debug|Any CPU
		Release|Any CPU = Release|Any CPU
	EndGlobalSection
	GlobalSection(ProjectConfigurationPlatforms) = postSolution
		{CD38A91C-783A-4073-AD8A-D2CB678EFFB6}.Debug|Any CPU.ActiveCfg = Debug|Any CPU
		{CD38A91C-783A-4073-AD8A-D2CB678EFFB6}.Debug|Any CPU.Build.0 = Debug|Any CPU
		{CD38A91C-783A-4073-AD8A-D2CB678EFFB6}.Release|Any CPU.ActiveCfg = Release|Any CPU
		{CD38A91C-783A-4073-AD8A-D2CB678EFFB6}.Release|Any CPU.Build.0 = Release|Any CPU
		{524FFE3A-7A4B-470F-AC87-AFBCF5674F34}.Debug|Any CPU.ActiveCfg = Debug|Any CPU
		{524FFE3A-7A4B-470F-AC87-AFBCF5674F34}.Debug|Any CPU.Build.0 = Debug|Any CPU
		{524FFE3A-7A4B-470F-AC87-AFBCF5674F34}.Release|Any CPU.ActiveCfg = Release|Any CPU
		{524FFE3A-7A4B-470F-AC87-AFBCF5674F34}.Release|Any CPU.Build.0 = Release|Any CPU
		{F92494CE-D6C3-4DDD-A410-88CC7ED80EA4}.Debug|Any CPU.ActiveCfg = Debug|Any CPU
		{F92494CE-D6C3-4DDD-A410-88CC7ED80EA4}.Debug|Any CPU.Build.0 = Debug|Any CPU
		{F92494CE-D6C3-4DDD-A410-88CC7ED80EA4}.Release|Any CPU.ActiveCfg = Release|Any CPU
		{F92494CE-D6C3-4DDD-A410-88CC7ED80EA4}.Release|Any CPU.Build.0 = Release|Any CPU
	EndGlobalSection
	GlobalSection(SolutionProperties) = preSolution
		HideSolutionNode = FALSE
	EndGlobalSection
	GlobalSection(ExtensibilityGlobals) = postSolution
		SolutionGuid = {442789B0-6A4F-4798-977D-812D6F15D307}
	EndGlobalSection
EndGlobal
